
Microsoft Visual Studio Solution File, Format Version 12.00
# Visual Studio Version 17
VisualStudioVersion = 17.13.35919.96 d17.13
MinimumVisualStudioVersion = 10.0.40219.1
Project("{FAE04EC0-301F-11D3-BF4B-00C04F79EFBC}") = "MicroservicesDotNet", "MicroservicesDotNet\MicroservicesDotNet.csproj", "{846380E4-1F08-4FB8-A8DF-1347B76BBEBA}"
EndProject
Global
	GlobalSection(SolutionConfigurationPlatforms) = preSolution
		Debug|Any CPU = Debug|Any CPU
		Release|Any CPU = Release|Any CPU
	EndGlobalSection
	GlobalSection(ProjectConfigurationPlatforms) = postSolution
		{846380E4-1F08-4FB8-A8DF-1347B76BBEBA}.Debug|Any CPU.ActiveCfg = Debug|Any CPU
		{846380E4-1F08-4FB8-A8DF-1347B76BBEBA}.Debug|Any CPU.Build.0 = Debug|Any CPU
		{846380E4-1F08-4FB8-A8DF-1347B76BBEBA}.Release|Any CPU.ActiveCfg = Release|Any CPU
		{846380E4-1F08-4FB8-A8DF-1347B76BBEBA}.Release|Any CPU.Build.0 = Release|Any CPU
	EndGlobalSection
	GlobalSection(SolutionProperties) = preSolution
		HideSolutionNode = FALSE
	EndGlobalSection
	GlobalSection(ExtensibilityGlobals) = postSolution
		SolutionGuid = {E6693D4D-81CD-4F24-A1F3-2BB334E62B19}
	EndGlobalSection
EndGlobal
